// !$*UTF8*$!
{
	archiveVersion = 1;
	classes = {
	};
	objectVersion = 48;
	objects = {

/* Begin PBXBuildFile section */
		3F02E59021C77CD0002214A9 /* AppDelegate.swift in Sources */ = {isa = PBXBuildFile; fileRef = 3F02E58F21C77CD0002214A9 /* AppDelegate.swift */; };
		3F02E59221C77CD0002214A9 /* ViewController.swift in Sources */ = {isa = PBXBuildFile; fileRef = 3F02E59121C77CD0002214A9 /* ViewController.swift */; };
		3F02E59521C77CD0002214A9 /* Main.storyboard in Resources */ = {isa = PBXBuildFile; fileRef = 3F02E59321C77CD0002214A9 /* Main.storyboard */; };
		3F02E59821C77CD0002214A9 /* Sqllite.xcdatamodeld in Sources */ = {isa = PBXBuildFile; fileRef = 3F02E59621C77CD0002214A9 /* Sqllite.xcdatamodeld */; };
		3F02E59A21C77CD0002214A9 /* Assets.xcassets in Resources */ = {isa = PBXBuildFile; fileRef = 3F02E59921C77CD0002214A9 /* Assets.xcassets */; };
		3F02E59D21C77CD0002214A9 /* LaunchScreen.storyboard in Resources */ = {isa = PBXBuildFile; fileRef = 3F02E59B21C77CD0002214A9 /* LaunchScreen.storyboard */; };
		3F02E5A921C78018002214A9 /* SQLTable.swift in Sources */ = {isa = PBXBuildFile; fileRef = 3F02E5A521C78017002214A9 /* SQLTable.swift */; };
		3F02E5AA21C78018002214A9 /* SQLiteBase.swift in Sources */ = {isa = PBXBuildFile; fileRef = 3F02E5A621C78018002214A9 /* SQLiteBase.swift */; };
		3F02E5AB21C78018002214A9 /* SQLiteDB.swift in Sources */ = {isa = PBXBuildFile; fileRef = 3F02E5A721C78018002214A9 /* SQLiteDB.swift */; };
		3F02E5AC21C78018002214A9 /* CloudDB.swift in Sources */ = {isa = PBXBuildFile; fileRef = 3F02E5A821C78018002214A9 /* CloudDB.swift */; };
		3F02E5B221C78C07002214A9 /* data.db in Resources */ = {isa = PBXBuildFile; fileRef = 3F02E5B121C78BE5002214A9 /* data.db */; };
/* End PBXBuildFile section */

/* Begin PBXFileReference section */
		3F02E58C21C77CD0002214A9 /* Sqllite.app */ = {isa = PBXFileReference; explicitFileType = wrapper.application; includeInIndex = 0; path = Sqllite.app; sourceTree = BUILT_PRODUCTS_DIR; };
		3F02E58F21C77CD0002214A9 /* AppDelegate.swift */ = {isa = PBXFileReference; lastKnownFileType = sourcecode.swift; path = AppDelegate.swift; sourceTree = "<group>"; };
		3F02E59121C77CD0002214A9 /* ViewController.swift */ = {isa = PBXFileReference; lastKnownFileType = sourcecode.swift; path = ViewController.swift; sourceTree = "<group>"; };
		3F02E59421C77CD0002214A9 /* Base */ = {isa = PBXFileReference; lastKnownFileType = file.storyboard; name = Base; path = Base.lproj/Main.storyboard; sourceTree = "<group>"; };
		3F02E59721C77CD0002214A9 /* Sqllite.xcdatamodel */ = {isa = PBXFileReference; lastKnownFileType = wrapper.xcdatamodel; path = Sqllite.xcdatamodel; sourceTree = "<group>"; };
		3F02E59921C77CD0002214A9 /* Assets.xcassets */ = {isa = PBXFileReference; lastKnownFileType = folder.assetcatalog; path = Assets.xcassets; sourceTree = "<group>"; };
		3F02E59C21C77CD0002214A9 /* Base */ = {isa = PBXFileReference; lastKnownFileType = file.storyboard; name = Base; path = Base.lproj/LaunchScreen.storyboard; sourceTree = "<group>"; };
		3F02E59E21C77CD0002214A9 /* Info.plist */ = {isa = PBXFileReference; lastKnownFileType = text.plist.xml; path = Info.plist; sourceTree = "<group>"; };
		3F02E5A421C78017002214A9 /* Bridging-Header.h */ = {isa = PBXFileReference; lastKnownFileType = sourcecode.c.h; path = "Bridging-Header.h"; sourceTree = "<group>"; };
		3F02E5A521C78017002214A9 /* SQLTable.swift */ = {isa = PBXFileReference; lastKnownFileType = sourcecode.swift; path = SQLTable.swift; sourceTree = "<group>"; };
		3F02E5A621C78018002214A9 /* SQLiteBase.swift */ = {isa = PBXFileReference; lastKnownFileType = sourcecode.swift; path = SQLiteBase.swift; sourceTree = "<group>"; };
		3F02E5A721C78018002214A9 /* SQLiteDB.swift */ = {isa = PBXFileReference; lastKnownFileType = sourcecode.swift; path = SQLiteDB.swift; sourceTree = "<group>"; };
		3F02E5A821C78018002214A9 /* CloudDB.swift */ = {isa = PBXFileReference; lastKnownFileType = sourcecode.swift; path = CloudDB.swift; sourceTree = "<group>"; };
		3F02E5B121C78BE5002214A9 /* data.db */ = {isa = PBXFileReference; lastKnownFileType = text; name = data.db; path = ../../../../../../../../Users/student/data.db; sourceTree = "<group>"; };
/* End PBXFileReference section */

/* Begin PBXFrameworksBuildPhase section */
		3F02E58921C77CD0002214A9 /* Frameworks */ = {
			isa = PBXFrameworksBuildPhase;
			buildActionMask = 2147483647;
			files = (
			);
			runOnlyForDeploymentPostprocessing = 0;
		};
/* End PBXFrameworksBuildPhase section */

/* Begin PBXGroup section */
		3F02E58321C77CCF002214A9 = {
			isa = PBXGroup;
			children = (
				3F02E58E21C77CD0002214A9 /* Sqllite */,
				3F02E58D21C77CD0002214A9 /* Products */,
			);
			sourceTree = "<group>";
		};
		3F02E58D21C77CD0002214A9 /* Products */ = {
			isa = PBXGroup;
			children = (
				3F02E58C21C77CD0002214A9 /* Sqllite.app */,
			);
			name = Products;
			sourceTree = "<group>";
		};
		3F02E58E21C77CD0002214A9 /* Sqllite */ = {
			isa = PBXGroup;
			children = (
				3F02E5AD21C7802F002214A9 /* DB */,
				3F02E58F21C77CD0002214A9 /* AppDelegate.swift */,
				3F02E5B121C78BE5002214A9 /* data.db */,
				3F02E59121C77CD0002214A9 /* ViewController.swift */,
				3F02E59321C77CD0002214A9 /* Main.storyboard */,
				3F02E59921C77CD0002214A9 /* Assets.xcassets */,
				3F02E59B21C77CD0002214A9 /* LaunchScreen.storyboard */,
				3F02E59E21C77CD0002214A9 /* Info.plist */,
				3F02E59621C77CD0002214A9 /* Sqllite.xcdatamodeld */,
			);
			path = Sqllite;
			sourceTree = "<group>";
		};
		3F02E5AD21C7802F002214A9 /* DB */ = {
			isa = PBXGroup;
			children = (
				3F02E5A421C78017002214A9 /* Bridging-Header.h */,
				3F02E5A821C78018002214A9 /* CloudDB.swift */,
				3F02E5A621C78018002214A9 /* SQLiteBase.swift */,
				3F02E5A721C78018002214A9 /* SQLiteDB.swift */,
				3F02E5A521C78017002214A9 /* SQLTable.swift */,
			);
			path = DB;
			sourceTree = "<group>";
		};
/* End PBXGroup section */

/* Begin PBXNativeTarget section */
		3F02E58B21C77CD0002214A9 /* Sqllite */ = {
			isa = PBXNativeTarget;
			buildConfigurationList = 3F02E5A121C77CD0002214A9 /* Build configuration list for PBXNativeTarget "Sqllite" */;
			buildPhases = (
				3F02E58821C77CD0002214A9 /* Sources */,
				3F02E58921C77CD0002214A9 /* Frameworks */,
				3F02E58A21C77CD0002214A9 /* Resources */,
			);
			buildRules = (
			);
			dependencies = (
			);
			name = Sqllite;
			productName = Sqllite;
			productReference = 3F02E58C21C77CD0002214A9 /* Sqllite.app */;
			productType = "com.apple.product-type.application";
		};
/* End PBXNativeTarget section */

/* Begin PBXProject section */
		3F02E58421C77CCF002214A9 /* Project object */ = {
			isa = PBXProject;
			attributes = {
				LastSwiftUpdateCheck = 0900;
				LastUpgradeCheck = 0900;
				ORGANIZATIONNAME = yangmiao;
				TargetAttributes = {
					3F02E58B21C77CD0002214A9 = {
						CreatedOnToolsVersion = 9.0;
						ProvisioningStyle = Automatic;
					};
				};
			};
			buildConfigurationList = 3F02E58721C77CCF002214A9 /* Build configuration list for PBXProject "Sqllite" */;
			compatibilityVersion = "Xcode 8.0";
			developmentRegion = en;
			hasScannedForEncodings = 0;
			knownRegions = (
				en,
				Base,
			);
			mainGroup = 3F02E58321C77CCF002214A9;
			productRefGroup = 3F02E58D21C77CD0002214A9 /* Products */;
			projectDirPath = "";
			projectRoot = "";
			targets = (
				3F02E58B21C77CD0002214A9 /* Sqllite */,
			);
		};
/* End PBXProject section */

/* Begin PBXResourcesBuildPhase section */
		3F02E58A21C77CD0002214A9 /* Resources */ = {
			isa = PBXResourcesBuildPhase;
			buildActionMask = 2147483647;
			files = (
				3F02E5B221C78C07002214A9 /* data.db in Resources */,
				3F02E59D21C77CD0002214A9 /* LaunchScreen.storyboard in Resources */,
				3F02E59A21C77CD0002214A9 /* Assets.xcassets in Resources */,
				3F02E59521C77CD0002214A9 /* Main.storyboard in Resources */,
			);
			runOnlyForDeploymentPostprocessing = 0;
		};
/* End PBXResourcesBuildPhase section */

/* Begin PBXSourcesBuildPhase section */
		3F02E58821C77CD0002214A9 /* Sources */ = {
			isa = PBXSourcesBuildPhase;
			buildActionMask = 2147483647;
			files = (
				3F02E5AC21C78018002214A9 /* CloudDB.swift in Sources */,
				3F02E59821C77CD0002214A9 /* Sqllite.xcdatamodeld in Sources */,
				3F02E5AA21C78018002214A9 /* SQLiteBase.swift in Sources */,
				3F02E5A921C78018002214A9 /* SQLTable.swift in Sources */,
				3F02E5AB21C78018002214A9 /* SQLiteDB.swift in Sources */,
				3F02E59221C77CD0002214A9 /* ViewController.swift in Sources */,
				3F02E59021C77CD0002214A9 /* AppDelegate.swift in Sources */,
			);
			runOnlyForDeploymentPostprocessing = 0;
		};
/* End PBXSourcesBuildPhase section */

/* Begin PBXVariantGroup section */
		3F02E59321C77CD0002214A9 /* Main.storyboard */ = {
			isa = PBXVariantGroup;
			children = (
				3F02E59421C77CD0002214A9 /* Base */,
			);
			name = Main.storyboard;
			sourceTree = "<group>";
		};
		3F02E59B21C77CD0002214A9 /* LaunchScreen.storyboard */ = {
			isa = PBXVariantGroup;
			children = (
				3F02E59C21C77CD0002214A9 /* Base */,
			);
			name = LaunchScreen.storyboard;
			sourceTree = "<group>";
		};
/* End PBXVariantGroup section */

/* Begin XCBuildConfiguration section */
		3F02E59F21C77CD0002214A9 /* Debug */ = {
			isa = XCBuildConfiguration;
			buildSettings = {
				ALWAYS_SEARCH_USER_PATHS = NO;
				CLANG_ANALYZER_NONNULL = YES;
				CLANG_ANALYZER_NUMBER_OBJECT_CONVERSION = YES_AGGRESSIVE;
				CLANG_CXX_LANGUAGE_STANDARD = "gnu++14";
				CLANG_CXX_LIBRARY = "libc++";
				CLANG_ENABLE_MODULES = YES;
				CLANG_ENABLE_OBJC_ARC = YES;
				CLANG_WARN_BLOCK_CAPTURE_AUTORELEASING = YES;
				CLANG_WARN_BOOL_CONVERSION = YES;
				CLANG_WARN_COMMA = YES;
				CLANG_WARN_CONSTANT_CONVERSION = YES;
				CLANG_WARN_DIRECT_OBJC_ISA_USAGE = YES_ERROR;
				CLANG_WARN_DOCUMENTATION_COMMENTS = YES;
				CLANG_WARN_EMPTY_BODY = YES;
				CLANG_WARN_ENUM_CONVERSION = YES;
				CLANG_WARN_INFINITE_RECURSION = YES;
				CLANG_WARN_INT_CONVERSION = YES;
				CLANG_WARN_NON_LITERAL_NULL_CONVERSION = YES;
				CLANG_WARN_OBJC_LITERAL_CONVERSION = YES;
				CLANG_WARN_OBJC_ROOT_CLASS = YES_ERROR;
				CLANG_WARN_RANGE_LOOP_ANALYSIS = YES;
				CLANG_WARN_STRICT_PROTOTYPES = YES;
				CLANG_WARN_SUSPICIOUS_MOVE = YES;
				CLANG_WARN_UNGUARDED_AVAILABILITY = YES_AGGRESSIVE;
				CLANG_WARN_UNREACHABLE_CODE = YES;
				CLANG_WARN__DUPLICATE_METHOD_MATCH = YES;
				CODE_SIGN_IDENTITY = "iPhone Developer";
				COPY_PHASE_STRIP = NO;
				DEBUG_INFORMATION_FORMAT = dwarf;
				ENABLE_STRICT_OBJC_MSGSEND = YES;
				ENABLE_TESTABILITY = YES;
				GCC_C_LANGUAGE_STANDARD = gnu11;
				GCC_DYNAMIC_NO_PIC = NO;
				GCC_NO_COMMON_BLOCKS = YES;
				GCC_OPTIMIZATION_LEVEL = 0;
				GCC_PREPROCESSOR_DEFINITIONS = (
					"DEBUG=1",
					"$(inherited)",
				);
				GCC_WARN_64_TO_32_BIT_CONVERSION = YES;
				GCC_WARN_ABOUT_RETURN_TYPE = YES_ERROR;
				GCC_WARN_UNDECLARED_SELECTOR = YES;
				GCC_WARN_UNINITIALIZED_AUTOS = YES_AGGRESSIVE;
				GCC_WARN_UNUSED_FUNCTION = YES;
				GCC_WARN_UNUSED_VARIABLE = YES;
				IPHONEOS_DEPLOYMENT_TARGET = 11.0;
				MTL_ENABLE_DEBUG_INFO = YES;
				ONLY_ACTIVE_ARCH = YES;
				SDKROOT = iphoneos;
				SWIFT_ACTIVE_COMPILATION_CONDITIONS = DEBUG;
				SWIFT_OPTIMIZATION_LEVEL = "-Onone";
			};
			name = Debug;
		};
		3F02E5A021C77CD0002214A9 /* Release */ = {
			isa = XCBuildConfiguration;
			buildSettings = {
				ALWAYS_SEARCH_USER_PATHS = NO;
				CLANG_ANALYZER_NONNULL = YES;
				CLANG_ANALYZER_NUMBER_OBJECT_CONVERSION = YES_AGGRESSIVE;
				CLANG_CXX_LANGUAGE_STANDARD = "gnu++14";
				CLANG_CXX_LIBRARY = "libc++";
				CLANG_ENABLE_MODULES = YES;
				CLANG_ENABLE_OBJC_ARC = YES;
				CLANG_WARN_BLOCK_CAPTURE_AUTORELEASING = YES;
				CLANG_WARN_BOOL_CONVERSION = YES;
				CLANG_WARN_COMMA = YES;
				CLANG_WARN_CONSTANT_CONVERSION = YES;
				CLANG_WARN_DIRECT_OBJC_ISA_USAGE = YES_ERROR;
				CLANG_WARN_DOCUMENTATION_COMMENTS = YES;
				CLANG_WARN_EMPTY_BODY = YES;
				CLANG_WARN_ENUM_CONVERSION = YES;
				CLANG_WARN_INFINITE_RECURSION = YES;
				CLANG_WARN_INT_CONVERSION = YES;
				CLANG_WARN_NON_LITERAL_NULL_CONVERSION = YES;
				CLANG_WARN_OBJC_LITERAL_CONVERSION = YES;
				CLANG_WARN_OBJC_ROOT_CLASS = YES_ERROR;
				CLANG_WARN_RANGE_LOOP_ANALYSIS = YES;
				CLANG_WARN_STRICT_PROTOTYPES = YES;
				CLANG_WARN_SUSPICIOUS_MOVE = YES;
				CLANG_WARN_UNGUARDED_AVAILABILITY = YES_AGGRESSIVE;
				CLANG_WARN_UNREACHABLE_CODE = YES;
				CLANG_WARN__DUPLICATE_METHOD_MATCH = YES;
				CODE_SIGN_IDENTITY = "iPhone Developer";
				COPY_PHASE_STRIP = NO;
				DEBUG_INFORMATION_FORMAT = "dwarf-with-dsym";
				ENABLE_NS_ASSERTIONS = NO;
				ENABLE_STRICT_OBJC_MSGSEND = YES;
				GCC_C_LANGUAGE_STANDARD = gnu11;
				GCC_NO_COMMON_BLOCKS = YES;
				GCC_WARN_64_TO_32_BIT_CONVERSION = YES;
				GCC_WARN_ABOUT_RETURN_TYPE = YES_ERROR;
				GCC_WARN_UNDECLARED_SELECTOR = YES;
				GCC_WARN_UNINITIALIZED_AUTOS = YES_AGGRESSIVE;
				GCC_WARN_UNUSED_FUNCTION = YES;
				GCC_WARN_UNUSED_VARIABLE = YES;
				IPHONEOS_DEPLOYMENT_TARGET = 11.0;
				MTL_ENABLE_DEBUG_INFO = NO;
				SDKROOT = iphoneos;
				SWIFT_OPTIMIZATION_LEVEL = "-Owholemodule";
				VALIDATE_PRODUCT = YES;
			};
			name = Release;
		};
		3F02E5A221C77CD0002214A9 /* Debug */ = {
			isa = XCBuildConfiguration;
			buildSettings = {
				ASSETCATALOG_COMPILER_APPICON_NAME = AppIcon;
				CODE_SIGN_STYLE = Automatic;
				INFOPLIST_FILE = Sqllite/Info.plist;
				LD_RUNPATH_SEARCH_PATHS = "$(inherited) @executable_path/Frameworks";
				PRODUCT_BUNDLE_IDENTIFIER = "-016110448.Sqllite";
				PRODUCT_NAME = "$(TARGET_NAME)";
				SWIFT_OBJC_BRIDGING_HEADER = "Sqllite/DB/Bridging-Header.h";
				SWIFT_VERSION = 4.0;
				TARGETED_DEVICE_FAMILY = "1,2";
			};
			name = Debug;
		};
		3F02E5A321C77CD0002214A9 /* Release */ = {
			isa = XCBuildConfiguration;
			buildSettings = {
				ASSETCATALOG_COMPILER_APPICON_NAME = AppIcon;
				CODE_SIGN_STYLE = Automatic;
				INFOPLIST_FILE = Sqllite/Info.plist;
				LD_RUNPATH_SEARCH_PATHS = "$(inherited) @executable_path/Frameworks";
				PRODUCT_BUNDLE_IDENTIFIER = "-016110448.Sqllite";
				PRODUCT_NAME = "$(TARGET_NAME)";
				SWIFT_OBJC_BRIDGING_HEADER = "Sqllite/DB/Bridging-Header.h";
				SWIFT_VERSION = 4.0;
				TARGETED_DEVICE_FAMILY = "1,2";
			};
			name = Release;
		};
/* End XCBuildConfiguration section */

/* Begin XCConfigurationList section */
		3F02E58721C77CCF002214A9 /* Build configuration list for PBXProject "Sqllite" */ = {
			isa = XCConfigurationList;
			buildConfigurations = (
				3F02E59F21C77CD0002214A9 /* Debug */,
				3F02E5A021C77CD0002214A9 /* Release */,
			);
			defaultConfigurationIsVisible = 0;
			defaultConfigurationName = Release;
		};
		3F02E5A121C77CD0002214A9 /* Build configuration list for PBXNativeTarget "Sqllite" */ = {
			isa = XCConfigurationList;
			buildConfigurations = (
				3F02E5A221C77CD0002214A9 /* Debug */,
				3F02E5A321C77CD0002214A9 /* Release */,
			);
			defaultConfigurationIsVisible = 0;
			defaultConfigurationName = Release;
		};
/* End XCConfigurationList section */

/* Begin XCVersionGroup section */
		3F02E59621C77CD0002214A9 /* Sqllite.xcdatamodeld */ = {
			isa = XCVersionGroup;
			children = (
				3F02E59721C77CD0002214A9 /* Sqllite.xcdatamodel */,
			);
			currentVersion = 3F02E59721C77CD0002214A9 /* Sqllite.xcdatamodel */;
			path = Sqllite.xcdatamodeld;
			sourceTree = "<group>";
			versionGroupType = wrapper.xcdatamodel;
		};
/* End XCVersionGroup section */
	};
	rootObject = 3F02E58421C77CCF002214A9 /* Project object */;
}
